// !$*UTF8*$!
{
	archiveVersion = 1;
	classes = {
	};
	objectVersion = 46;
	objects = {

/* Begin PBXBuildFile section */
		E91D92F81D602C3200ED6499 /* main.m in Sources */ = {isa = PBXBuildFile; fileRef = E91D92F71D602C3200ED6499 /* main.m */; };
		E91D92FB1D602C3200ED6499 /* AppDelegate.m in Sources */ = {isa = PBXBuildFile; fileRef = E91D92FA1D602C3200ED6499 /* AppDelegate.m */; };
		E91D92FE1D602C3200ED6499 /* MovieOnUp.xcdatamodeld in Sources */ = {isa = PBXBuildFile; fileRef = E91D92FC1D602C3200ED6499 /* MovieOnUp.xcdatamodeld */; };
		E91D93011D602C3200ED6499 /* MasterViewController.m in Sources */ = {isa = PBXBuildFile; fileRef = E91D93001D602C3200ED6499 /* MasterViewController.m */; };
		E91D93041D602C3200ED6499 /* DetailViewController.m in Sources */ = {isa = PBXBuildFile; fileRef = E91D93031D602C3200ED6499 /* DetailViewController.m */; };
		E91D93071D602C3200ED6499 /* Main.storyboard in Resources */ = {isa = PBXBuildFile; fileRef = E91D93051D602C3200ED6499 /* Main.storyboard */; };
		E91D93091D602C3200ED6499 /* Assets.xcassets in Resources */ = {isa = PBXBuildFile; fileRef = E91D93081D602C3200ED6499 /* Assets.xcassets */; };
		E91D930C1D602C3200ED6499 /* LaunchScreen.storyboard in Resources */ = {isa = PBXBuildFile; fileRef = E91D930A1D602C3200ED6499 /* LaunchScreen.storyboard */; };
		E91D93171D602C3200ED6499 /* MovieOnUpTests.m in Sources */ = {isa = PBXBuildFile; fileRef = E91D93161D602C3200ED6499 /* MovieOnUpTests.m */; };
		E91D93221D602C3200ED6499 /* MovieOnUpUITests.m in Sources */ = {isa = PBXBuildFile; fileRef = E91D93211D602C3200ED6499 /* MovieOnUpUITests.m */; };
/* End PBXBuildFile section */

/* Begin PBXContainerItemProxy section */
		E91D93131D602C3200ED6499 /* PBXContainerItemProxy */ = {
			isa = PBXContainerItemProxy;
			containerPortal = E91D92EB1D602C3200ED6499 /* Project object */;
			proxyType = 1;
			remoteGlobalIDString = E91D92F21D602C3200ED6499;
			remoteInfo = MovieOnUp;
		};
		E91D931E1D602C3200ED6499 /* PBXContainerItemProxy */ = {
			isa = PBXContainerItemProxy;
			containerPortal = E91D92EB1D602C3200ED6499 /* Project object */;
			proxyType = 1;
			remoteGlobalIDString = E91D92F21D602C3200ED6499;
			remoteInfo = MovieOnUp;
		};
/* End PBXContainerItemProxy section */

/* Begin PBXFileReference section */
		E91D92F31D602C3200ED6499 /* MovieOnUp.app */ = {isa = PBXFileReference; explicitFileType = wrapper.application; includeInIndex = 0; path = MovieOnUp.app; sourceTree = BUILT_PRODUCTS_DIR; };
		E91D92F71D602C3200ED6499 /* main.m */ = {isa = PBXFileReference; lastKnownFileType = sourcecode.c.objc; path = main.m; sourceTree = "<group>"; };
		E91D92F91D602C3200ED6499 /* AppDelegate.h */ = {isa = PBXFileReference; lastKnownFileType = sourcecode.c.h; path = AppDelegate.h; sourceTree = "<group>"; };
		E91D92FA1D602C3200ED6499 /* AppDelegate.m */ = {isa = PBXFileReference; lastKnownFileType = sourcecode.c.objc; path = AppDelegate.m; sourceTree = "<group>"; };
		E91D92FD1D602C3200ED6499 /* MovieOnUp.xcdatamodel */ = {isa = PBXFileReference; lastKnownFileType = wrapper.xcdatamodel; path = MovieOnUp.xcdatamodel; sourceTree = "<group>"; };
		E91D92FF1D602C3200ED6499 /* MasterViewController.h */ = {isa = PBXFileReference; lastKnownFileType = sourcecode.c.h; path = MasterViewController.h; sourceTree = "<group>"; };
		E91D93001D602C3200ED6499 /* MasterViewController.m */ = {isa = PBXFileReference; lastKnownFileType = sourcecode.c.objc; path = MasterViewController.m; sourceTree = "<group>"; };
		E91D93021D602C3200ED6499 /* DetailViewController.h */ = {isa = PBXFileReference; lastKnownFileType = sourcecode.c.h; path = DetailViewController.h; sourceTree = "<group>"; };
		E91D93031D602C3200ED6499 /* DetailViewController.m */ = {isa = PBXFileReference; lastKnownFileType = sourcecode.c.objc; path = DetailViewController.m; sourceTree = "<group>"; };
		E91D93061D602C3200ED6499 /* Base */ = {isa = PBXFileReference; lastKnownFileType = file.storyboard; name = Base; path = Base.lproj/Main.storyboard; sourceTree = "<group>"; };
		E91D93081D602C3200ED6499 /* Assets.xcassets */ = {isa = PBXFileReference; lastKnownFileType = folder.assetcatalog; path = Assets.xcassets; sourceTree = "<group>"; };
		E91D930B1D602C3200ED6499 /* Base */ = {isa = PBXFileReference; lastKnownFileType = file.storyboard; name = Base; path = Base.lproj/LaunchScreen.storyboard; sourceTree = "<group>"; };
		E91D930D1D602C3200ED6499 /* Info.plist */ = {isa = PBXFileReference; lastKnownFileType = text.plist.xml; path = Info.plist; sourceTree = "<group>"; };
		E91D93121D602C3200ED6499 /* MovieOnUpTests.xctest */ = {isa = PBXFileReference; explicitFileType = wrapper.cfbundle; includeInIndex = 0; path = MovieOnUpTests.xctest; sourceTree = BUILT_PRODUCTS_DIR; };
		E91D93161D602C3200ED6499 /* MovieOnUpTests.m */ = {isa = PBXFileReference; lastKnownFileType = sourcecode.c.objc; path = MovieOnUpTests.m; sourceTree = "<group>"; };
		E91D93181D602C3200ED6499 /* Info.plist */ = {isa = PBXFileReference; lastKnownFileType = text.plist.xml; path = Info.plist; sourceTree = "<group>"; };
		E91D931D1D602C3200ED6499 /* MovieOnUpUITests.xctest */ = {isa = PBXFileReference; explicitFileType = wrapper.cfbundle; includeInIndex = 0; path = MovieOnUpUITests.xctest; sourceTree = BUILT_PRODUCTS_DIR; };
		E91D93211D602C3200ED6499 /* MovieOnUpUITests.m */ = {isa = PBXFileReference; lastKnownFileType = sourcecode.c.objc; path = MovieOnUpUITests.m; sourceTree = "<group>"; };
		E91D93231D602C3200ED6499 /* Info.plist */ = {isa = PBXFileReference; lastKnownFileType = text.plist.xml; path = Info.plist; sourceTree = "<group>"; };
/* End PBXFileReference section */

/* Begin PBXFrameworksBuildPhase section */
		E91D92F01D602C3200ED6499 /* Frameworks */ = {
			isa = PBXFrameworksBuildPhase;
			buildActionMask = 2147483647;
			files = (
			);
			runOnlyForDeploymentPostprocessing = 0;
		};
		E91D930F1D602C3200ED6499 /* Frameworks */ = {
			isa = PBXFrameworksBuildPhase;
			buildActionMask = 2147483647;
			files = (
			);
			runOnlyForDeploymentPostprocessing = 0;
		};
		E91D931A1D602C3200ED6499 /* Frameworks */ = {
			isa = PBXFrameworksBuildPhase;
			buildActionMask = 2147483647;
			files = (
			);
			runOnlyForDeploymentPostprocessing = 0;
		};
/* End PBXFrameworksBuildPhase section */

/* Begin PBXGroup section */
		E91D92EA1D602C3200ED6499 = {
			isa = PBXGroup;
			children = (
				E91D92F51D602C3200ED6499 /* MovieOnUp */,
				E91D93151D602C3200ED6499 /* MovieOnUpTests */,
				E91D93201D602C3200ED6499 /* MovieOnUpUITests */,
				E91D92F41D602C3200ED6499 /* Products */,
			);
			sourceTree = "<group>";
		};
		E91D92F41D602C3200ED6499 /* Products */ = {
			isa = PBXGroup;
			children = (
				E91D92F31D602C3200ED6499 /* MovieOnUp.app */,
				E91D93121D602C3200ED6499 /* MovieOnUpTests.xctest */,
				E91D931D1D602C3200ED6499 /* MovieOnUpUITests.xctest */,
			);
			name = Products;
			sourceTree = "<group>";
		};
		E91D92F51D602C3200ED6499 /* MovieOnUp */ = {
			isa = PBXGroup;
			children = (
				E91D92F91D602C3200ED6499 /* AppDelegate.h */,
				E91D92FA1D602C3200ED6499 /* AppDelegate.m */,
				E91D92FF1D602C3200ED6499 /* MasterViewController.h */,
				E91D93001D602C3200ED6499 /* MasterViewController.m */,
				E91D93021D602C3200ED6499 /* DetailViewController.h */,
				E91D93031D602C3200ED6499 /* DetailViewController.m */,
				E91D93051D602C3200ED6499 /* Main.storyboard */,
				E91D93081D602C3200ED6499 /* Assets.xcassets */,
				E91D930A1D602C3200ED6499 /* LaunchScreen.storyboard */,
				E91D930D1D602C3200ED6499 /* Info.plist */,
				E91D92FC1D602C3200ED6499 /* MovieOnUp.xcdatamodeld */,
				E91D92F61D602C3200ED6499 /* Supporting Files */,
			);
			path = MovieOnUp;
			sourceTree = "<group>";
		};
		E91D92F61D602C3200ED6499 /* Supporting Files */ = {
			isa = PBXGroup;
			children = (
				E91D92F71D602C3200ED6499 /* main.m */,
			);
			name = "Supporting Files";
			sourceTree = "<group>";
		};
		E91D93151D602C3200ED6499 /* MovieOnUpTests */ = {
			isa = PBXGroup;
			children = (
				E91D93161D602C3200ED6499 /* MovieOnUpTests.m */,
				E91D93181D602C3200ED6499 /* Info.plist */,
			);
			path = MovieOnUpTests;
			sourceTree = "<group>";
		};
		E91D93201D602C3200ED6499 /* MovieOnUpUITests */ = {
			isa = PBXGroup;
			children = (
				E91D93211D602C3200ED6499 /* MovieOnUpUITests.m */,
				E91D93231D602C3200ED6499 /* Info.plist */,
			);
			path = MovieOnUpUITests;
			sourceTree = "<group>";
		};
/* End PBXGroup section */

/* Begin PBXNativeTarget section */
		E91D92F21D602C3200ED6499 /* MovieOnUp */ = {
			isa = PBXNativeTarget;
			buildConfigurationList = E91D93261D602C3200ED6499 /* Build configuration list for PBXNativeTarget "MovieOnUp" */;
			buildPhases = (
				E91D92EF1D602C3200ED6499 /* Sources */,
				E91D92F01D602C3200ED6499 /* Frameworks */,
				E91D92F11D602C3200ED6499 /* Resources */,
			);
			buildRules = (
			);
			dependencies = (
			);
			name = MovieOnUp;
			productName = MovieOnUp;
			productReference = E91D92F31D602C3200ED6499 /* MovieOnUp.app */;
			productType = "com.apple.product-type.application";
		};
		E91D93111D602C3200ED6499 /* MovieOnUpTests */ = {
			isa = PBXNativeTarget;
			buildConfigurationList = E91D93291D602C3200ED6499 /* Build configuration list for PBXNativeTarget "MovieOnUpTests" */;
			buildPhases = (
				E91D930E1D602C3200ED6499 /* Sources */,
				E91D930F1D602C3200ED6499 /* Frameworks */,
				E91D93101D602C3200ED6499 /* Resources */,
			);
			buildRules = (
			);
			dependencies = (
				E91D93141D602C3200ED6499 /* PBXTargetDependency */,
			);
			name = MovieOnUpTests;
			productName = MovieOnUpTests;
			productReference = E91D93121D602C3200ED6499 /* MovieOnUpTests.xctest */;
			productType = "com.apple.product-type.bundle.unit-test";
		};
		E91D931C1D602C3200ED6499 /* MovieOnUpUITests */ = {
			isa = PBXNativeTarget;
			buildConfigurationList = E91D932C1D602C3200ED6499 /* Build configuration list for PBXNativeTarget "MovieOnUpUITests" */;
			buildPhases = (
				E91D93191D602C3200ED6499 /* Sources */,
				E91D931A1D602C3200ED6499 /* Frameworks */,
				E91D931B1D602C3200ED6499 /* Resources */,
			);
			buildRules = (
			);
			dependencies = (
				E91D931F1D602C3200ED6499 /* PBXTargetDependency */,
			);
			name = MovieOnUpUITests;
			productName = MovieOnUpUITests;
			productReference = E91D931D1D602C3200ED6499 /* MovieOnUpUITests.xctest */;
			productType = "com.apple.product-type.bundle.ui-testing";
		};
/* End PBXNativeTarget section */

/* Begin PBXProject section */
		E91D92EB1D602C3200ED6499 /* Project object */ = {
			isa = PBXProject;
			attributes = {
				LastUpgradeCheck = 0730;
				ORGANIZATIONNAME = "___MARK_SMITH___";
				TargetAttributes = {
					E91D92F21D602C3200ED6499 = {
						CreatedOnToolsVersion = 7.3.1;
					};
					E91D93111D602C3200ED6499 = {
						CreatedOnToolsVersion = 7.3.1;
						TestTargetID = E91D92F21D602C3200ED6499;
					};
					E91D931C1D602C3200ED6499 = {
						CreatedOnToolsVersion = 7.3.1;
						TestTargetID = E91D92F21D602C3200ED6499;
					};
				};
			};
			buildConfigurationList = E91D92EE1D602C3200ED6499 /* Build configuration list for PBXProject "MovieOnUp" */;
			compatibilityVersion = "Xcode 3.2";
			developmentRegion = English;
			hasScannedForEncodings = 0;
			knownRegions = (
				en,
				Base,
			);
			mainGroup = E91D92EA1D602C3200ED6499;
			productRefGroup = E91D92F41D602C3200ED6499 /* Products */;
			projectDirPath = "";
			projectRoot = "";
			targets = (
				E91D92F21D602C3200ED6499 /* MovieOnUp */,
				E91D93111D602C3200ED6499 /* MovieOnUpTests */,
				E91D931C1D602C3200ED6499 /* MovieOnUpUITests */,
			);
		};
/* End PBXProject section */

/* Begin PBXResourcesBuildPhase section */
		E91D92F11D602C3200ED6499 /* Resources */ = {
			isa = PBXResourcesBuildPhase;
			buildActionMask = 2147483647;
			files = (
				E91D930C1D602C3200ED6499 /* LaunchScreen.storyboard in Resources */,
				E91D93091D602C3200ED6499 /* Assets.xcassets in Resources */,
				E91D93071D602C3200ED6499 /* Main.storyboard in Resources */,
			);
			runOnlyForDeploymentPostprocessing = 0;
		};
		E91D93101D602C3200ED6499 /* Resources */ = {
			isa = PBXResourcesBuildPhase;
			buildActionMask = 2147483647;
			files = (
			);
			runOnlyForDeploymentPostprocessing = 0;
		};
		E91D931B1D602C3200ED6499 /* Resources */ = {
			isa = PBXResourcesBuildPhase;
			buildActionMask = 2147483647;
			files = (
			);
			runOnlyForDeploymentPostprocessing = 0;
		};
/* End PBXResourcesBuildPhase section */

/* Begin PBXSourcesBuildPhase section */
		E91D92EF1D602C3200ED6499 /* Sources */ = {
			isa = PBXSourcesBuildPhase;
			buildActionMask = 2147483647;
			files = (
				E91D93041D602C3200ED6499 /* DetailViewController.m in Sources */,
				E91D93011D602C3200ED6499 /* MasterViewController.m in Sources */,
				E91D92FB1D602C3200ED6499 /* AppDelegate.m in Sources */,
				E91D92F81D602C3200ED6499 /* main.m in Sources */,
				E91D92FE1D602C3200ED6499 /* MovieOnUp.xcdatamodeld in Sources */,
			);
			runOnlyForDeploymentPostprocessing = 0;
		};
		E91D930E1D602C3200ED6499 /* Sources */ = {
			isa = PBXSourcesBuildPhase;
			buildActionMask = 2147483647;
			files = (
				E91D93171D602C3200ED6499 /* MovieOnUpTests.m in Sources */,
			);
			runOnlyForDeploymentPostprocessing = 0;
		};
		E91D93191D602C3200ED6499 /* Sources */ = {
			isa = PBXSourcesBuildPhase;
			buildActionMask = 2147483647;
			files = (
				E91D93221D602C3200ED6499 /* MovieOnUpUITests.m in Sources */,
			);
			runOnlyForDeploymentPostprocessing = 0;
		};
/* End PBXSourcesBuildPhase section */

/* Begin PBXTargetDependency section */
		E91D93141D602C3200ED6499 /* PBXTargetDependency */ = {
			isa = PBXTargetDependency;
			target = E91D92F21D602C3200ED6499 /* MovieOnUp */;
			targetProxy = E91D93131D602C3200ED6499 /* PBXContainerItemProxy */;
		};
		E91D931F1D602C3200ED6499 /* PBXTargetDependency */ = {
			isa = PBXTargetDependency;
			target = E91D92F21D602C3200ED6499 /* MovieOnUp */;
			targetProxy = E91D931E1D602C3200ED6499 /* PBXContainerItemProxy */;
		};
/* End PBXTargetDependency section */

/* Begin PBXVariantGroup section */
		E91D93051D602C3200ED6499 /* Main.storyboard */ = {
			isa = PBXVariantGroup;
			children = (
				E91D93061D602C3200ED6499 /* Base */,
			);
			name = Main.storyboard;
			sourceTree = "<group>";
		};
		E91D930A1D602C3200ED6499 /* LaunchScreen.storyboard */ = {
			isa = PBXVariantGroup;
			children = (
				E91D930B1D602C3200ED6499 /* Base */,
			);
			name = LaunchScreen.storyboard;
			sourceTree = "<group>";
		};
/* End PBXVariantGroup section */

/* Begin XCBuildConfiguration section */
		E91D93241D602C3200ED6499 /* Debug */ = {
			isa = XCBuildConfiguration;
			buildSettings = {
				ALWAYS_SEARCH_USER_PATHS = NO;
				CLANG_ANALYZER_NONNULL = YES;
				CLANG_CXX_LANGUAGE_STANDARD = "gnu++0x";
				CLANG_CXX_LIBRARY = "libc++";
				CLANG_ENABLE_MODULES = YES;
				CLANG_ENABLE_OBJC_ARC = YES;
				CLANG_WARN_BOOL_CONVERSION = YES;
				CLANG_WARN_CONSTANT_CONVERSION = YES;
				CLANG_WARN_DIRECT_OBJC_ISA_USAGE = YES_ERROR;
				CLANG_WARN_EMPTY_BODY = YES;
				CLANG_WARN_ENUM_CONVERSION = YES;
				CLANG_WARN_INT_CONVERSION = YES;
				CLANG_WARN_OBJC_ROOT_CLASS = YES_ERROR;
				CLANG_WARN_UNREACHABLE_CODE = YES;
				CLANG_WARN__DUPLICATE_METHOD_MATCH = YES;
				"CODE_SIGN_IDENTITY[sdk=iphoneos*]" = "iPhone Developer";
				COPY_PHASE_STRIP = NO;
				DEBUG_INFORMATION_FORMAT = dwarf;
				ENABLE_STRICT_OBJC_MSGSEND = YES;
				ENABLE_TESTABILITY = YES;
				GCC_C_LANGUAGE_STANDARD = gnu99;
				GCC_DYNAMIC_NO_PIC = NO;
				GCC_NO_COMMON_BLOCKS = YES;
				GCC_OPTIMIZATION_LEVEL = 0;
				GCC_PREPROCESSOR_DEFINITIONS = (
					"DEBUG=1",
					"$(inherited)",
				);
				GCC_WARN_64_TO_32_BIT_CONVERSION = YES;
				GCC_WARN_ABOUT_RETURN_TYPE = YES_ERROR;
				GCC_WARN_UNDECLARED_SELECTOR = YES;
				GCC_WARN_UNINITIALIZED_AUTOS = YES_AGGRESSIVE;
				GCC_WARN_UNUSED_FUNCTION = YES;
				GCC_WARN_UNUSED_VARIABLE = YES;
				IPHONEOS_DEPLOYMENT_TARGET = 9.3;
				MTL_ENABLE_DEBUG_INFO = YES;
				ONLY_ACTIVE_ARCH = YES;
				SDKROOT = iphoneos;
				TARGETED_DEVICE_FAMILY = "1,2";
			};
			name = Debug;
		};
		E91D93251D602C3200ED6499 /* Release */ = {
			isa = XCBuildConfiguration;
			buildSettings = {
				ALWAYS_SEARCH_USER_PATHS = NO;
				CLANG_ANALYZER_NONNULL = YES;
				CLANG_CXX_LANGUAGE_STANDARD = "gnu++0x";
				CLANG_CXX_LIBRARY = "libc++";
				CLANG_ENABLE_MODULES = YES;
				CLANG_ENABLE_OBJC_ARC = YES;
				CLANG_WARN_BOOL_CONVERSION = YES;
				CLANG_WARN_CONSTANT_CONVERSION = YES;
				CLANG_WARN_DIRECT_OBJC_ISA_USAGE = YES_ERROR;
				CLANG_WARN_EMPTY_BODY = YES;
				CLANG_WARN_ENUM_CONVERSION = YES;
				CLANG_WARN_INT_CONVERSION = YES;
				CLANG_WARN_OBJC_ROOT_CLASS = YES_ERROR;
				CLANG_WARN_UNREACHABLE_CODE = YES;
				CLANG_WARN__DUPLICATE_METHOD_MATCH = YES;
				"CODE_SIGN_IDENTITY[sdk=iphoneos*]" = "iPhone Developer";
				COPY_PHASE_STRIP = NO;
				DEBUG_INFORMATION_FORMAT = "dwarf-with-dsym";
				ENABLE_NS_ASSERTIONS = NO;
				ENABLE_STRICT_OBJC_MSGSEND = YES;
				GCC_C_LANGUAGE_STANDARD = gnu99;
				GCC_NO_COMMON_BLOCKS = YES;
				GCC_WARN_64_TO_32_BIT_CONVERSION = YES;
				GCC_WARN_ABOUT_RETURN_TYPE = YES_ERROR;
				GCC_WARN_UNDECLARED_SELECTOR = YES;
				GCC_WARN_UNINITIALIZED_AUTOS = YES_AGGRESSIVE;
				GCC_WARN_UNUSED_FUNCTION = YES;
				GCC_WARN_UNUSED_VARIABLE = YES;
				IPHONEOS_DEPLOYMENT_TARGET = 9.3;
				MTL_ENABLE_DEBUG_INFO = NO;
				SDKROOT = iphoneos;
				TARGETED_DEVICE_FAMILY = "1,2";
				VALIDATE_PRODUCT = YES;
			};
			name = Release;
		};
		E91D93271D602C3200ED6499 /* Debug */ = {
			isa = XCBuildConfiguration;
			buildSettings = {
				ASSETCATALOG_COMPILER_APPICON_NAME = AppIcon;
				INFOPLIST_FILE = MovieOnUp/Info.plist;
				LD_RUNPATH_SEARCH_PATHS = "$(inherited) @executable_path/Frameworks";
				PRODUCT_BUNDLE_IDENTIFIER = com.movieonup.MovieOnUp;
				PRODUCT_NAME = "$(TARGET_NAME)";
			};
			name = Debug;
		};
		E91D93281D602C3200ED6499 /* Release */ = {
			isa = XCBuildConfiguration;
			buildSettings = {
				ASSETCATALOG_COMPILER_APPICON_NAME = AppIcon;
				INFOPLIST_FILE = MovieOnUp/Info.plist;
				LD_RUNPATH_SEARCH_PATHS = "$(inherited) @executable_path/Frameworks";
				PRODUCT_BUNDLE_IDENTIFIER = com.movieonup.MovieOnUp;
				PRODUCT_NAME = "$(TARGET_NAME)";
			};
			name = Release;
		};
		E91D932A1D602C3200ED6499 /* Debug */ = {
			isa = XCBuildConfiguration;
			buildSettings = {
				BUNDLE_LOADER = "$(TEST_HOST)";
				INFOPLIST_FILE = MovieOnUpTests/Info.plist;
				LD_RUNPATH_SEARCH_PATHS = "$(inherited) @executable_path/Frameworks @loader_path/Frameworks";
				PRODUCT_BUNDLE_IDENTIFIER = com.movieonup.MovieOnUpTests;
				PRODUCT_NAME = "$(TARGET_NAME)";
				TEST_HOST = "$(BUILT_PRODUCTS_DIR)/MovieOnUp.app/MovieOnUp";
			};
			name = Debug;
		};
		E91D932B1D602C3200ED6499 /* Release */ = {
			isa = XCBuildConfiguration;
			buildSettings = {
				BUNDLE_LOADER = "$(TEST_HOST)";
				INFOPLIST_FILE = MovieOnUpTests/Info.plist;
				LD_RUNPATH_SEARCH_PATHS = "$(inherited) @executable_path/Frameworks @loader_path/Frameworks";
				PRODUCT_BUNDLE_IDENTIFIER = com.movieonup.MovieOnUpTests;
				PRODUCT_NAME = "$(TARGET_NAME)";
				TEST_HOST = "$(BUILT_PRODUCTS_DIR)/MovieOnUp.app/MovieOnUp";
			};
			name = Release;
		};
		E91D932D1D602C3200ED6499 /* Debug */ = {
			isa = XCBuildConfiguration;
			buildSettings = {
				INFOPLIST_FILE = MovieOnUpUITests/Info.plist;
				LD_RUNPATH_SEARCH_PATHS = "$(inherited) @executable_path/Frameworks @loader_path/Frameworks";
				PRODUCT_BUNDLE_IDENTIFIER = com.movieonup.MovieOnUpUITests;
				PRODUCT_NAME = "$(TARGET_NAME)";
				TEST_TARGET_NAME = MovieOnUp;
			};
			name = Debug;
		};
		E91D932E1D602C3200ED6499 /* Release */ = {
			isa = XCBuildConfiguration;
			buildSettings = {
				INFOPLIST_FILE = MovieOnUpUITests/Info.plist;
				LD_RUNPATH_SEARCH_PATHS = "$(inherited) @executable_path/Frameworks @loader_path/Frameworks";
				PRODUCT_BUNDLE_IDENTIFIER = com.movieonup.MovieOnUpUITests;
				PRODUCT_NAME = "$(TARGET_NAME)";
				TEST_TARGET_NAME = MovieOnUp;
			};
			name = Release;
		};
/* End XCBuildConfiguration section */

/* Begin XCConfigurationList section */
		E91D92EE1D602C3200ED6499 /* Build configuration list for PBXProject "MovieOnUp" */ = {
			isa = XCConfigurationList;
			buildConfigurations = (
				E91D93241D602C3200ED6499 /* Debug */,
				E91D93251D602C3200ED6499 /* Release */,
			);
			defaultConfigurationIsVisible = 0;
			defaultConfigurationName = Release;
		};
		E91D93261D602C3200ED6499 /* Build configuration list for PBXNativeTarget "MovieOnUp" */ = {
			isa = XCConfigurationList;
			buildConfigurations = (
				E91D93271D602C3200ED6499 /* Debug */,
				E91D93281D602C3200ED6499 /* Release */,
			);
			defaultConfigurationIsVisible = 0;
		};
		E91D93291D602C3200ED6499 /* Build configuration list for PBXNativeTarget "MovieOnUpTests" */ = {
			isa = XCConfigurationList;
			buildConfigurations = (
				E91D932A1D602C3200ED6499 /* Debug */,
				E91D932B1D602C3200ED6499 /* Release */,
			);
			defaultConfigurationIsVisible = 0;
		};
		E91D932C1D602C3200ED6499 /* Build configuration list for PBXNativeTarget "MovieOnUpUITests" */ = {
			isa = XCConfigurationList;
			buildConfigurations = (
				E91D932D1D602C3200ED6499 /* Debug */,
				E91D932E1D602C3200ED6499 /* Release */,
			);
			defaultConfigurationIsVisible = 0;
		};
/* End XCConfigurationList section */

/* Begin XCVersionGroup section */
		E91D92FC1D602C3200ED6499 /* MovieOnUp.xcdatamodeld */ = {
			isa = XCVersionGroup;
			children = (
				E91D92FD1D602C3200ED6499 /* MovieOnUp.xcdatamodel */,
			);
			currentVersion = E91D92FD1D602C3200ED6499 /* MovieOnUp.xcdatamodel */;
			path = MovieOnUp.xcdatamodeld;
			sourceTree = "<group>";
			versionGroupType = wrapper.xcdatamodel;
		};
/* End XCVersionGroup section */
	};
	rootObject = E91D92EB1D602C3200ED6499 /* Project object */;
}
